{
    "_readme": [
        "This file locks the dependencies of your project to a known state",
        "Read more about it at https://getcomposer.org/doc/01-basic-usage.md#composer-lock-the-lock-file",
        "This file is @generated automatically"
    ],
    "hash": "ca44429a06d26e00563c1c85ed80a9eb",
    "packages": [
        {
            "name": "andrewsville/php-token-reflection",
            "version": "1.4.0",
            "source": {
                "type": "git",
                "url": "https://github.com/Andrewsville/PHP-Token-Reflection.git",
                "reference": "e6d0ac2baf66cdf154be34c3d2a2aa1bd4b426ee"
            },
            "dist": {
                "type": "zip",
                "url": "https://api.github.com/repos/Andrewsville/PHP-Token-Reflection/zipball/e6d0ac2baf66cdf154be34c3d2a2aa1bd4b426ee",
                "reference": "e6d0ac2baf66cdf154be34c3d2a2aa1bd4b426ee",
                "shasum": ""
            },
            "require": {
                "ext-tokenizer": "*",
                "php": ">=5.3.0"
            },
            "type": "library",
            "autoload": {
                "psr-0": {
                    "TokenReflection": "./"
                }
            },
            "notification-url": "https://packagist.org/downloads/",
            "license": [
                "BSD-3"
            ],
            "authors": [
                {
                    "name": "Ondřej Nešpor",
                    "homepage": "https://github.com/andrewsville"
                },
                {
                    "name": "Jaroslav Hanslík",
                    "homepage": "https://github.com/kukulich"
                }
            ],
            "description": "Library emulating the PHP internal reflection using just the tokenized source code.",
            "homepage": "http://andrewsville.github.com/PHP-Token-Reflection/",
            "keywords": [
                "library",
                "reflection",
                "tokenizer"
            ],
            "time": "2014-08-06 16:37:08"
        },
        {
            "name": "doctrine/annotations",
            "version": "dev-master",
            "source": {
                "type": "git",
                "url": "https://github.com/doctrine/annotations.git",
                "reference": "f4a91702ca3cd2e568c3736aa031ed00c3752af4"
            },
            "dist": {
                "type": "zip",
                "url": "https://api.github.com/repos/doctrine/annotations/zipball/f4a91702ca3cd2e568c3736aa031ed00c3752af4",
                "reference": "f4a91702ca3cd2e568c3736aa031ed00c3752af4",
                "shasum": ""
            },
            "require": {
                "doctrine/lexer": "1.*",
                "php": ">=5.3.2"
            },
            "require-dev": {
                "doctrine/cache": "1.*",
                "phpunit/phpunit": "4.*"
            },
            "type": "library",
            "extra": {
                "branch-alias": {
                    "dev-master": "1.3.x-dev"
                }
            },
            "autoload": {
                "psr-0": {
                    "Doctrine\\Common\\Annotations\\": "lib/"
                }
            },
            "notification-url": "https://packagist.org/downloads/",
            "license": [
                "MIT"
            ],
            "authors": [
                {
                    "name": "Roman Borschel",
                    "email": "roman@code-factory.org"
                },
                {
                    "name": "Benjamin Eberlei",
                    "email": "kontakt@beberlei.de"
                },
                {
                    "name": "Guilherme Blanco",
                    "email": "guilhermeblanco@gmail.com"
                },
                {
                    "name": "Jonathan Wage",
                    "email": "jonwage@gmail.com"
                },
                {
                    "name": "Johannes Schmitt",
                    "email": "schmittjoh@gmail.com"
                }
            ],
            "description": "Docblock Annotations Parser",
            "homepage": "http://www.doctrine-project.org",
            "keywords": [
                "annotations",
                "docblock",
                "parser"
            ],
            "time": "2015-06-17 12:21:22"
        },
        {
            "name": "doctrine/instantiator",
            "version": "dev-master",
            "source": {
                "type": "git",
                "url": "https://github.com/doctrine/instantiator.git",
                "reference": "8e884e78f9f0eb1329e445619e04456e64d8051d"
            },
            "dist": {
                "type": "zip",
                "url": "https://api.github.com/repos/doctrine/instantiator/zipball/8e884e78f9f0eb1329e445619e04456e64d8051d",
                "reference": "8e884e78f9f0eb1329e445619e04456e64d8051d",
                "shasum": ""
            },
            "require": {
                "php": ">=5.3,<8.0-DEV"
            },
            "require-dev": {
                "athletic/athletic": "~0.1.8",
                "ext-pdo": "*",
                "ext-phar": "*",
                "phpunit/phpunit": "~4.0",
                "squizlabs/php_codesniffer": "~2.0"
            },
            "type": "library",
            "extra": {
                "branch-alias": {
                    "dev-master": "1.0.x-dev"
                }
            },
            "autoload": {
                "psr-4": {
                    "Doctrine\\Instantiator\\": "src/Doctrine/Instantiator/"
                }
            },
            "notification-url": "https://packagist.org/downloads/",
            "license": [
                "MIT"
            ],
            "authors": [
                {
                    "name": "Marco Pivetta",
                    "email": "ocramius@gmail.com",
                    "homepage": "http://ocramius.github.com/"
                }
            ],
            "description": "A small, lightweight utility to instantiate objects in PHP without invoking their constructors",
            "homepage": "https://github.com/doctrine/instantiator",
            "keywords": [
                "constructor",
                "instantiate"
            ],
            "time": "2015-06-14 21:17:01"
        },
        {
            "name": "doctrine/lexer",
            "version": "dev-master",
            "source": {
                "type": "git",
                "url": "https://github.com/doctrine/lexer.git",
                "reference": "83893c552fd2045dd78aef794c31e694c37c0b8c"
            },
            "dist": {
                "type": "zip",
                "url": "https://api.github.com/repos/doctrine/lexer/zipball/83893c552fd2045dd78aef794c31e694c37c0b8c",
                "reference": "83893c552fd2045dd78aef794c31e694c37c0b8c",
                "shasum": ""
            },
            "require": {
                "php": ">=5.3.2"
            },
            "type": "library",
            "extra": {
                "branch-alias": {
                    "dev-master": "1.0.x-dev"
                }
            },
            "autoload": {
                "psr-0": {
                    "Doctrine\\Common\\Lexer\\": "lib/"
                }
            },
            "notification-url": "https://packagist.org/downloads/",
            "license": [
                "MIT"
            ],
            "authors": [
                {
                    "name": "Roman Borschel",
                    "email": "roman@code-factory.org"
                },
                {
                    "name": "Guilherme Blanco",
                    "email": "guilhermeblanco@gmail.com"
                },
                {
                    "name": "Johannes Schmitt",
                    "email": "schmittjoh@gmail.com"
                }
            ],
            "description": "Base library for a lexer that can be used in Top-Down, Recursive Descent Parsers.",
            "homepage": "http://www.doctrine-project.org",
            "keywords": [
                "lexer",
                "parser"
            ],
            "time": "2014-09-09 13:34:57"
        },
        {
            "name": "goaop/framework",
            "version": "dev-master",
            "source": {
                "type": "git",
                "url": "https://github.com/goaop/framework.git",
                "reference": "78bdd87a4d448a32a0401258473f30341330960f"
            },
            "dist": {
                "type": "zip",
                "url": "https://api.github.com/repos/goaop/framework/zipball/78bdd87a4d448a32a0401258473f30341330960f",
                "reference": "78bdd87a4d448a32a0401258473f30341330960f",
                "shasum": ""
            },
            "require": {
                "andrewsville/php-token-reflection": "~1.4",
                "doctrine/annotations": "~1.0",
                "jakubledl/dissect": "~1.0",
                "php": ">=5.4.0"
            },
            "require-dev": {
                "symfony/console": "~2.1"
            },
            "suggest": {
                "symfony/console": "Enables the usage of the command-line tool."
            },
            "bin": [
                "bin/warmup"
            ],
            "type": "library",
            "extra": {
                "branch-alias": {
                    "dev-master": "1.0-dev"
                }
            },
            "autoload": {
                "psr-4": {
                    "Go\\": "src/"
                }
            },
            "notification-url": "https://packagist.org/downloads/",
            "license": [
                "MIT"
            ],
            "authors": [
                {
                    "name": "Lisachenko Alexander",
                    "homepage": "https://github.com/lisachenko"
                }
            ],
            "description": "Framework for aspect-oriented programming in PHP.",
            "homepage": "http://go.aopphp.com/",
            "keywords": [
                "aop",
                "aspect",
                "library",
                "php"
            ],
            "time": "2015-07-28 06:42:43"
        },
        {
            "name": "internations/type-jail",
            "version": "v0.4.3",
            "source": {
                "type": "git",
                "url": "https://github.com/InterNations/type-jail.git",
                "reference": "0a0cd983ceaf25b873099455155fb2864b5e565a"
            },
            "dist": {
                "type": "zip",
                "url": "https://api.github.com/repos/InterNations/type-jail/zipball/0a0cd983ceaf25b873099455155fb2864b5e565a",
                "reference": "0a0cd983ceaf25b873099455155fb2864b5e565a",
                "shasum": ""
            },
            "require": {
                "ocramius/proxy-manager": "~1.0"
            },
            "require-dev": {
                "internations/kodierungsregelwerksammlung": "*",
                "internations/testing-component": "*",
                "phpunit/phpunit": "~4"
            },
            "type": "library",
            "autoload": {
                "psr-4": {
                    "InterNations\\Component\\TypeJail\\": "src/InterNations"
                }
            },
            "notification-url": "https://packagist.org/downloads/",
            "license": [
                "MIT"
            ],
            "authors": [
                {
                    "name": "Lars Strojny",
                    "email": "lars.strojny@internations.org"
                }
            ],
            "description": "Enforce type constraints",
            "time": "2015-07-29 08:15:21"
        },
        {
            "name": "jakubledl/dissect",
            "version": "1.0.x-dev",
            "source": {
                "type": "git",
                "url": "https://github.com/jakubledl/dissect.git",
                "reference": "112ee99f32b0884821f7df4b93ba922461dcf916"
            },
            "dist": {
                "type": "zip",
                "url": "https://api.github.com/repos/jakubledl/dissect/zipball/112ee99f32b0884821f7df4b93ba922461dcf916",
                "reference": "112ee99f32b0884821f7df4b93ba922461dcf916",
                "shasum": ""
            },
            "require": {
                "php": ">=5.3.3"
            },
            "require-dev": {
                "symfony/console": "~2.1"
            },
            "suggest": {
                "symfony/console": "for the command-line tool"
            },
            "bin": [
                "bin/dissect.php",
                "bin/dissect"
            ],
            "type": "library",
            "autoload": {
                "psr-0": {
                    "Dissect": [
                        "src/"
                    ]
                }
            },
            "notification-url": "https://packagist.org/downloads/",
            "license": [
                "unlicense"
            ],
            "authors": [
                {
                    "name": "Jakub Lédl",
                    "email": "jakubledl@gmail.com"
                }
            ],
            "description": "Lexing and parsing in pure PHP",
            "homepage": "https://github.com/jakubledl/dissect",
            "keywords": [
                "ast",
                "lexing",
                "parser",
                "parsing"
            ],
            "time": "2013-01-15 19:48:58"
        },
        {
            "name": "jeremeamia/SuperClosure",
            "version": "dev-master",
            "source": {
                "type": "git",
                "url": "https://github.com/jeremeamia/super_closure.git",
                "reference": "155fadced44802618435130ed7e16e44a2575e65"
            },
            "dist": {
                "type": "zip",
                "url": "https://api.github.com/repos/jeremeamia/super_closure/zipball/155fadced44802618435130ed7e16e44a2575e65",
                "reference": "155fadced44802618435130ed7e16e44a2575e65",
                "shasum": ""
            },
            "require": {
                "nikic/php-parser": "~1.2",
                "php": ">=5.4"
            },
            "require-dev": {
                "codeclimate/php-test-reporter": "~0.1.2",
                "phpunit/phpunit": "~4.0"
            },
            "type": "library",
            "extra": {
                "branch-alias": {
                    "dev-master": "2.2-dev"
                }
            },
            "autoload": {
                "psr-4": {
                    "SuperClosure\\": "src/"
                }
            },
            "notification-url": "https://packagist.org/downloads/",
            "license": [
                "MIT"
            ],
            "authors": [
                {
                    "name": "Jeremy Lindblom",
                    "email": "jeremeamia@gmail.com",
                    "homepage": "https://github.com/jeremeamia",
                    "role": "developer"
                }
            ],
            "description": "Serialize Closure objects, including their context and binding",
            "homepage": "https://github.com/jeremeamia/super_closure",
            "keywords": [
                "closure",
                "function",
                "lambda",
                "parser",
                "serializable",
                "serialize",
                "tokenizer"
            ],
            "time": "2015-06-09 19:13:35"
        },
        {
            "name": "leedavis81/altr-ego",
            "version": "v1.0.2",
            "source": {
                "type": "git",
                "url": "https://github.com/leedavis81/altr-ego.git",
                "reference": "179befa2e54371b29314d339d7eb24031598212f"
            },
            "dist": {
                "type": "zip",
                "url": "https://api.github.com/repos/leedavis81/altr-ego/zipball/179befa2e54371b29314d339d7eb24031598212f",
                "reference": "179befa2e54371b29314d339d7eb24031598212f",
                "shasum": ""
            },
            "require": {
                "php": ">=5.3.3"
            },
            "require-dev": {
                "phpunit/phpunit": "3.7.*"
            },
            "type": "library",
            "autoload": {
                "psr-0": {
                    "AltrEgo": "library/",
                    "AltrEgoTest": "tests/"
                }
            },
            "notification-url": "https://packagist.org/downloads/",
            "license": [
                "MIT"
            ],
            "authors": [
                {
                    "name": "Lee Davis",
                    "email": "leedavis81@hotmail.com",
                    "homepage": "http://leedavis81.github.io",
                    "role": "Developer"
                }
            ],
            "description": "Access an objects protected / private properties and methods",
            "keywords": [
                "break scope",
                "php"
            ],
            "time": "2013-07-25 17:43:38"
        },
        {
            "name": "leedavis81/vent",
            "version": "0.1.0",
            "source": {
                "type": "git",
                "url": "https://github.com/leedavis81/vent.git",
                "reference": "b2e7892960df93260e0e3d0e58ba95228b2c30d3"
            },
            "dist": {
                "type": "zip",
                "url": "https://api.github.com/repos/leedavis81/vent/zipball/b2e7892960df93260e0e3d0e58ba95228b2c30d3",
                "reference": "b2e7892960df93260e0e3d0e58ba95228b2c30d3",
                "shasum": ""
            },
            "require": {
                "php": ">=5.4"
            },
            "require-dev": {
                "phpunit/phpunit": "3.7.*",
                "satooshi/php-coveralls": "~0.6"
            },
            "type": "library",
            "autoload": {
                "psr-0": {
                    "Vent\\": "src/",
                    "VentTest\\": "tests/"
                }
            },
            "notification-url": "https://packagist.org/downloads/",
            "license": [
                "MIT"
            ],
            "authors": [
                {
                    "name": "Lee Davis",
                    "email": "leedavis81@hotmail.com",
                    "homepage": "http://leedavis81.github.io",
                    "role": "Developer"
                }
            ],
            "description": "PHP variable events.",
            "keywords": [
                "event",
                "php",
                "variable"
            ],
            "time": "2014-03-04 17:17:50"
        },
        {
            "name": "nikic/php-parser",
            "version": "1.x-dev",
            "source": {
                "type": "git",
                "url": "https://github.com/nikic/PHP-Parser.git",
                "reference": "196f177cfefa0f1f7166c0a05d8255889be12418"
            },
            "dist": {
                "type": "zip",
                "url": "https://api.github.com/repos/nikic/PHP-Parser/zipball/196f177cfefa0f1f7166c0a05d8255889be12418",
                "reference": "196f177cfefa0f1f7166c0a05d8255889be12418",
                "shasum": ""
            },
            "require": {
                "ext-tokenizer": "*",
                "php": ">=5.3"
            },
            "type": "library",
            "extra": {
                "branch-alias": {
                    "dev-master": "1.4-dev"
                }
            },
            "autoload": {
                "files": [
                    "lib/bootstrap.php"
                ]
            },
            "notification-url": "https://packagist.org/downloads/",
            "license": [
                "BSD-3-Clause"
            ],
            "authors": [
                {
                    "name": "Nikita Popov"
                }
            ],
            "description": "A PHP parser written in PHP",
            "keywords": [
                "parser",
                "php"
            ],
            "time": "2015-07-14 17:31:05"
        },
        {
            "name": "ocramius/lazy-map",
            "version": "dev-master",
            "source": {
                "type": "git",
                "url": "https://github.com/Ocramius/LazyMap.git",
                "reference": "5c77102e225d225ae2d74d5f2cc488527834b821"
            },
            "dist": {
                "type": "zip",
                "url": "https://api.github.com/repos/Ocramius/LazyMap/zipball/5c77102e225d225ae2d74d5f2cc488527834b821",
                "reference": "5c77102e225d225ae2d74d5f2cc488527834b821",
                "shasum": ""
            },
            "require": {
                "php": ">=5.3.3"
            },
            "require-dev": {
                "athletic/athletic": "~0.1.7",
                "phpmd/phpmd": "1.5.*",
                "phpunit/phpunit": ">=3.7",
                "satooshi/php-coveralls": "~0.6",
                "squizlabs/php_codesniffer": "1.4.*"
            },
            "type": "library",
            "extra": {
                "branch-alias": {
                    "dev-master": "1.0.x-dev"
                }
            },
            "autoload": {
                "psr-0": {
                    "LazyMap\\": "src"
                }
            },
            "notification-url": "https://packagist.org/downloads/",
            "license": [
                "MIT"
            ],
            "authors": [
                {
                    "name": "Marco Pivetta",
                    "email": "ocramius@gmail.com",
                    "homepage": "http://ocramius.github.com/",
                    "role": "Developer"
                }
            ],
            "description": "A library that provides lazy instantiation logic for a map of objects",
            "homepage": "https://github.com/Ocramius/LazyMap",
            "keywords": [
                "lazy",
                "lazy instantiation",
                "lazy loading",
                "map",
                "service location"
            ],
            "time": "2014-05-01 22:15:23"
        },
        {
            "name": "ocramius/lazy-property",
            "version": "dev-master",
            "source": {
                "type": "git",
                "url": "https://github.com/Ocramius/LazyProperty.git",
                "reference": "c6f420f934a633b3bcccb6b057a8c10a8cdcc908"
            },
            "dist": {
                "type": "zip",
                "url": "https://api.github.com/repos/Ocramius/LazyProperty/zipball/c6f420f934a633b3bcccb6b057a8c10a8cdcc908",
                "reference": "c6f420f934a633b3bcccb6b057a8c10a8cdcc908",
                "shasum": ""
            },
            "require": {
                "php": "~5.4"
            },
            "require-dev": {
                "athletic/athletic": "~0.1.7",
                "phpunit/phpunit": "~3.8",
                "squizlabs/php_codesniffer": "1.4.*"
            },
            "type": "library",
            "extra": {
                "branch-alias": {
                    "dev-master": "1.0.x-dev"
                }
            },
            "autoload": {
                "psr-0": {
                    "LazyProperty\\": "src"
                }
            },
            "notification-url": "https://packagist.org/downloads/",
            "license": [
                "MIT"
            ],
            "authors": [
                {
                    "name": "Marco Pivetta",
                    "email": "ocramius@gmail.com",
                    "homepage": "http://ocramius.github.com/",
                    "role": "Developer"
                }
            ],
            "description": "A library that provides lazy instantiation logic for object properties",
            "homepage": "https://github.com/Ocramius/LazyProperty",
            "keywords": [
                "lazy",
                "lazy instantiation",
                "lazy loading",
                "utility"
            ],
            "time": "2014-02-23 16:28:10"
        },
        {
            "name": "ocramius/proxy-manager",
            "version": "dev-master",
            "source": {
                "type": "git",
                "url": "https://github.com/Ocramius/ProxyManager.git",
                "reference": "56e460cc513ce31eee5ae9afcfa90456f39c51e8"
            },
            "dist": {
                "type": "zip",
                "url": "https://api.github.com/repos/Ocramius/ProxyManager/zipball/56e460cc513ce31eee5ae9afcfa90456f39c51e8",
                "reference": "56e460cc513ce31eee5ae9afcfa90456f39c51e8",
                "shasum": ""
            },
            "require": {
                "php": "~5.5|~7.0",
                "zendframework/zend-code": ">2.2.5,<3.0"
            },
            "require-dev": {
                "couscous/couscous": "dev-master@DEV",
                "ext-phar": "*",
                "phpunit/phpunit": "~4.0",
                "squizlabs/php_codesniffer": "~2.0"
            },
            "suggest": {
                "ocramius/generated-hydrator": "To have very fast object to array to object conversion for ghost objects",
                "php": ">5.6 if you work with internal PHP classes, as reflection instantiation does not work with older PHP versions",
                "zendframework/zend-json": "To have the JsonRpc adapter (Remote Object feature)",
                "zendframework/zend-soap": "To have the Soap adapter (Remote Object feature)",
                "zendframework/zend-xmlrpc": "To have the XmlRpc adapter (Remote Object feature)"
            },
            "type": "library",
            "extra": {
                "branch-alias": {
                    "dev-master": "2.0.x-dev"
                }
            },
            "autoload": {
                "psr-0": {
                    "ProxyManager\\": "src"
                }
            },
            "notification-url": "https://packagist.org/downloads/",
            "license": [
                "MIT"
            ],
            "authors": [
                {
                    "name": "Marco Pivetta",
                    "email": "ocramius@gmail.com",
                    "homepage": "http://ocramius.github.io/"
                }
            ],
            "description": "A library providing utilities to generate, instantiate and generally operate with Object Proxies",
            "homepage": "https://github.com/Ocramius/ProxyManager",
            "keywords": [
                "aop",
                "lazy loading",
                "proxy",
                "proxy pattern",
                "service proxies"
            ],
            "time": "2015-08-16 21:34:30"
        },
        {
            "name": "phpdocumentor/reflection-common",
            "version": "dev-master",
            "source": {
                "type": "git",
                "url": "https://github.com/phpDocumentor/ReflectionCommon.git",
                "reference": "8dfc66d8a72f6741ed9f5a39227f99f78ae8d9a5"
            },
            "dist": {
                "type": "zip",
                "url": "https://api.github.com/repos/phpDocumentor/ReflectionCommon/zipball/8dfc66d8a72f6741ed9f5a39227f99f78ae8d9a5",
                "reference": "8dfc66d8a72f6741ed9f5a39227f99f78ae8d9a5",
                "shasum": ""
            },
            "require": {
                "php": ">=5.5"
            },
            "require-dev": {
                "phpunit/phpunit": "^4.6"
            },
            "type": "library",
            "extra": {
                "branch-alias": {
                    "dev-master": "1.0.x-dev"
                }
            },
            "autoload": {
                "psr-4": {
                    "phpDocumentor\\Reflection\\": [
                        "src"
                    ]
                }
            },
            "notification-url": "https://packagist.org/downloads/",
            "license": [
                "MIT"
            ],
            "authors": [
                {
                    "name": "Jaap van Otterdijk",
                    "email": "opensource@ijaap.nl"
                }
            ],
            "description": "Common reflection classes used by phpdocumentor to reflect the code structure",
            "homepage": "http://www.phpdoc.org",
            "keywords": [
                "FQSEN",
                "phpDocumentor",
                "phpdoc",
                "reflection",
                "static analysis"
            ],
            "time": "2015-08-09 12:13:56"
        },
        {
            "name": "phpdocumentor/reflection-docblock",
            "version": "2.0.4",
            "source": {
                "type": "git",
                "url": "https://github.com/phpDocumentor/ReflectionDocBlock.git",
                "reference": "d68dbdc53dc358a816f00b300704702b2eaff7b8"
            },
            "dist": {
                "type": "zip",
                "url": "https://api.github.com/repos/phpDocumentor/ReflectionDocBlock/zipball/d68dbdc53dc358a816f00b300704702b2eaff7b8",
                "reference": "d68dbdc53dc358a816f00b300704702b2eaff7b8",
                "shasum": ""
            },
            "require": {
                "php": ">=5.3.3"
            },
            "require-dev": {
                "phpunit/phpunit": "~4.0"
            },
            "suggest": {
                "dflydev/markdown": "~1.0",
                "erusev/parsedown": "~1.0"
            },
            "type": "library",
            "extra": {
                "branch-alias": {
                    "dev-master": "2.0.x-dev"
                }
            },
            "autoload": {
                "psr-0": {
                    "phpDocumentor": [
                        "src/"
                    ]
                }
            },
            "notification-url": "https://packagist.org/downloads/",
            "license": [
                "MIT"
            ],
            "authors": [
                {
                    "name": "Mike van Riel",
                    "email": "mike.vanriel@naenius.com"
                }
            ],
            "time": "2015-02-03 12:10:50"
        },
        {
            "name": "phpdocumentor/type-resolver",
            "version": "dev-master",
            "source": {
                "type": "git",
                "url": "https://github.com/phpDocumentor/TypeResolver.git",
                "reference": "83e31258fb03b9a27884a83b81501cb4cb297a81"
            },
            "dist": {
                "type": "zip",
                "url": "https://api.github.com/repos/phpDocumentor/TypeResolver/zipball/83e31258fb03b9a27884a83b81501cb4cb297a81",
                "reference": "83e31258fb03b9a27884a83b81501cb4cb297a81",
                "shasum": ""
            },
            "require": {
                "php": ">=5.5",
                "phpdocumentor/reflection-common": "^1.0@dev"
            },
            "require-dev": {
                "mockery/mockery": "^0.9.4",
                "phpunit/phpunit": "^4.6"
            },
            "type": "library",
            "extra": {
                "branch-alias": {
                    "dev-master": "1.0.x-dev"
                }
            },
            "autoload": {
                "psr-4": {
                    "phpDocumentor\\Reflection\\": [
                        "src/"
                    ]
                }
            },
            "notification-url": "https://packagist.org/downloads/",
            "license": [
                "MIT"
            ],
            "authors": [
                {
                    "name": "Mike van Riel",
                    "email": "me@mikevanriel.com"
                }
            ],
            "time": "2015-07-18 13:58:32"
        },
        {
            "name": "roave/strict-php",
            "version": "dev-master",
            "source": {
                "type": "git",
                "url": "https://github.com/Roave/StrictPhp.git",
                "reference": "0c1be91707fce77357dd4376341348ff1ab8dcda"
            },
            "dist": {
                "type": "zip",
                "url": "https://api.github.com/repos/Roave/StrictPhp/zipball/0c1be91707fce77357dd4376341348ff1ab8dcda",
                "reference": "0c1be91707fce77357dd4376341348ff1ab8dcda",
                "shasum": ""
            },
            "require": {
                "goaop/framework": "~1.0.0@ALPHA",
                "internations/type-jail": "0.4.*",
                "php": "~5.6|~7.0",
                "phpdocumentor/reflection-docblock": "~2.0",
                "phpdocumentor/type-resolver": "dev-master"
            },
            "require-dev": {
                "phpunit/phpunit": "~4.7"
            },
            "type": "library",
            "extra": {
                "branch-alias": {
                    "dev-master": "1.0.x-dev"
                }
            },
            "autoload": {
                "psr-4": {
                    "StrictPhp\\": "src/StrictPhp"
                }
            },
            "notification-url": "https://packagist.org/downloads/",
            "license": [
                "MIT"
            ],
            "authors": [
                {
                    "name": "Jefersson Nathan",
                    "email": "malukenho@phpse.net"
                },
                {
                    "name": "Marco Pivetta",
                    "email": "ocramius@gmail.com",
                    "homepage": "http://ocramius.github.io/"
                }
            ],
            "description": "A strict runtime type and invariant checker for developing safer PHP applications",
            "homepage": "https://github.com/Roave/StrictPhp",
            "keywords": [
                "analysis",
                "continuous integration",
                "development",
                "php",
                "strict",
                "type safety"
            ],
            "time": "2015-07-30 19:46:51"
        },
        {
            "name": "zendframework/zend-code",
            "version": "dev-develop",
            "source": {
                "type": "git",
                "url": "https://github.com/zendframework/zend-code.git",
                "reference": "a97ef49f82496fabc3b7379b37f6bbff925b58b8"
            },
            "dist": {
                "type": "zip",
                "url": "https://api.github.com/repos/zendframework/zend-code/zipball/a97ef49f82496fabc3b7379b37f6bbff925b58b8",
                "reference": "a97ef49f82496fabc3b7379b37f6bbff925b58b8",
                "shasum": ""
            },
            "require": {
                "php": ">=5.5",
                "zendframework/zend-eventmanager": "~2.5"
            },
            "require-dev": {
                "doctrine/common": ">=2.1",
                "fabpot/php-cs-fixer": "1.7.*",
                "phpunit/phpunit": "~4.0",
                "zendframework/zend-stdlib": "~2.5",
                "zendframework/zend-version": "~2.5"
            },
            "suggest": {
                "doctrine/common": "Doctrine\\Common >=2.1 for annotation features",
                "zendframework/zend-stdlib": "Zend\\Stdlib component"
            },
            "type": "library",
            "extra": {
                "branch-alias": {
                    "dev-master": "2.5-dev",
                    "dev-develop": "2.6-dev"
                }
            },
            "autoload": {
                "psr-4": {
                    "Zend\\Code\\": "src/"
                }
            },
            "notification-url": "https://packagist.org/downloads/",
            "license": [
                "BSD-3-Clause"
            ],
            "description": "provides facilities to generate arbitrary code using an object oriented interface",
            "homepage": "https://github.com/zendframework/zend-code",
            "keywords": [
                "code",
                "zf2"
            ],
            "time": "2015-07-21 22:40:59"
        },
        {
            "name": "zendframework/zend-eventmanager",
            "version": "dev-develop",
            "source": {
                "type": "git",
                "url": "https://github.com/zendframework/zend-eventmanager.git",
                "reference": "2308f72bc3e428581d416767c0bbb9d75bfec571"
            },
            "dist": {
                "type": "zip",
                "url": "https://api.github.com/repos/zendframework/zend-eventmanager/zipball/2308f72bc3e428581d416767c0bbb9d75bfec571",
                "reference": "2308f72bc3e428581d416767c0bbb9d75bfec571",
                "shasum": ""
            },
            "require": {
                "php": ">=5.5",
                "zendframework/zend-stdlib": "~2.5"
            },
            "require-dev": {
                "fabpot/php-cs-fixer": "1.7.*",
                "phpunit/phpunit": "~4.0"
            },
            "type": "library",
            "extra": {
                "branch-alias": {
                    "dev-master": "2.5-dev",
                    "dev-develop": "2.6-dev"
                }
            },
            "autoload": {
                "psr-4": {
                    "Zend\\EventManager\\": "src/"
                }
            },
            "notification-url": "https://packagist.org/downloads/",
            "license": [
                "BSD-3-Clause"
            ],
            "homepage": "https://github.com/zendframework/zend-eventmanager",
            "keywords": [
                "eventmanager",
                "zf2"
            ],
            "time": "2015-07-16 19:02:45"
        },
        {
            "name": "zendframework/zend-stdlib",
            "version": "dev-develop",
            "source": {
                "type": "git",
                "url": "https://github.com/zendframework/zend-stdlib.git",
                "reference": "297c69931ebc0d17a454656fd3b63e3fb0098f1d"
            },
            "dist": {
                "type": "zip",
                "url": "https://api.github.com/repos/zendframework/zend-stdlib/zipball/297c69931ebc0d17a454656fd3b63e3fb0098f1d",
                "reference": "297c69931ebc0d17a454656fd3b63e3fb0098f1d",
                "shasum": ""
            },
            "require": {
                "php": ">=5.5"
            },
            "require-dev": {
                "fabpot/php-cs-fixer": "1.7.*",
                "phpunit/phpunit": "~4.0",
                "zendframework/zend-config": "~2.5",
                "zendframework/zend-eventmanager": "~2.5",
                "zendframework/zend-filter": "~2.5",
                "zendframework/zend-inputfilter": "~2.5",
                "zendframework/zend-serializer": "~2.5",
                "zendframework/zend-servicemanager": "~2.5"
            },
            "suggest": {
                "zendframework/zend-eventmanager": "To support aggregate hydrator usage",
                "zendframework/zend-filter": "To support naming strategy hydrator usage",
                "zendframework/zend-serializer": "Zend\\Serializer component",
                "zendframework/zend-servicemanager": "To support hydrator plugin manager usage"
            },
            "type": "library",
            "extra": {
                "branch-alias": {
                    "dev-master": "2.6-dev",
                    "dev-develop": "2.7-dev"
                }
            },
            "autoload": {
                "psr-4": {
                    "Zend\\Stdlib\\": "src/"
                }
            },
            "notification-url": "https://packagist.org/downloads/",
            "license": [
                "BSD-3-Clause"
            ],
            "homepage": "https://github.com/zendframework/zend-stdlib",
            "keywords": [
                "stdlib",
                "zf2"
            ],
            "time": "2015-07-21 17:11:52"
        }
    ],
    "packages-dev": [],
    "aliases": [
        {
            "alias": "1.1.99",
            "alias_normalized": "1.1.99.0",
            "version": "9999999-dev",
            "package": "ocramius/proxy-manager"
        }
    ],
    "minimum-stability": "dev",
    "stability-flags": {
        "ocramius/proxy-manager": 20,
        "roave/strict-php": 20
    },
    "prefer-stable": false,
    "prefer-lowest": false,
    "platform": [],
    "platform-dev": []
}
